# This file is automatically @generated by Poetry 1.8.3 and should not be changed by hand.

[[package]]
name = "wget"
version = "3.2"
description = "pure python download utility"
optional = false
python-versions = "*"
files = [
    {file = "wget-3.2.zip", hash = "sha256:35e630eca2aa50ce998b9b1a127bb26b30dfee573702782aa982f875e3f16061"},
]

[metadata]
lock-version = "2.0"
python-versions = "^3.12"
content-hash = "6db1da04cac29944b5bbcc30f424440b6bb2822c8752a418083a8131fbf54e8e"
